// !$*UTF8*$!
{
	archiveVersion = 1;
	classes = {
	};
	objectVersion = 46;
	objects = {

/* Begin PBXBuildFile section */
		AE2A9BB81C0E56A5004E2C6D /* MaximaPlugIn.m in Sources */ = {isa = PBXBuildFile; fileRef = AE2A9BB71C0E56A5004E2C6D /* MaximaPlugIn.m */; settings = {ASSET_TAGS = (); }; };
		AE5DF9A81BFA776C00342F01 /* ThresholdPlugIn.m in Sources */ = {isa = PBXBuildFile; fileRef = AE5DF9A71BFA776C00342F01 /* ThresholdPlugIn.m */; settings = {ASSET_TAGS = (); }; };
		AEAC79971BE81BBB003B012E /* HoughTest.m in Sources */ = {isa = PBXBuildFile; fileRef = AEAC79961BE81BBB003B012E /* HoughTest.m */; };
		AEAC799F1BE828FB003B012E /* Hough.plugin in CopyFiles */ = {isa = PBXBuildFile; fileRef = E1CAC0F41B7FF0E300D4EA94 /* Hough.plugin */; settings = {ATTRIBUTES = (RemoveHeadersOnCopy, ); }; };
		AEAC79A21BE84211003B012E /* HoughUtility.m in Sources */ = {isa = PBXBuildFile; fileRef = AEAC79A01BE84211003B012E /* HoughUtility.m */; };
		AEAC79A31BE84230003B012E /* HoughUtility.m in Sources */ = {isa = PBXBuildFile; fileRef = AEAC79A01BE84211003B012E /* HoughUtility.m */; };
		E1CAC0FB1B7FF0E300D4EA94 /* HoughPlugIn.m in Sources */ = {isa = PBXBuildFile; fileRef = E1CAC0FA1B7FF0E300D4EA94 /* HoughPlugIn.m */; };
/* End PBXBuildFile section */

/* Begin PBXContainerItemProxy section */
		E141AD131BE8797D00F06EB0 /* PBXContainerItemProxy */ = {
			isa = PBXContainerItemProxy;
			containerPortal = E1CAC0EB1B7FF0E300D4EA94 /* Project object */;
			proxyType = 1;
			remoteGlobalIDString = E1CAC0F31B7FF0E300D4EA94;
			remoteInfo = Hough;
		};
/* End PBXContainerItemProxy section */

/* Begin PBXCopyFilesBuildPhase section */
		AEAC799E1BE828F4003B012E /* CopyFiles */ = {
			isa = PBXCopyFilesBuildPhase;
			buildActionMask = 2147483647;
			dstPath = "";
			dstSubfolderSpec = 13;
			files = (
				AEAC799F1BE828FB003B012E /* Hough.plugin in CopyFiles */,
			);
			runOnlyForDeploymentPostprocessing = 0;
		};
/* End PBXCopyFilesBuildPhase section */

/* Begin PBXFileReference section */
		AE2A9BB61C0E56A5004E2C6D /* MaximaPlugIn.h */ = {isa = PBXFileReference; fileEncoding = 4; lastKnownFileType = sourcecode.c.h; path = MaximaPlugIn.h; sourceTree = "<group>"; };
		AE2A9BB71C0E56A5004E2C6D /* MaximaPlugIn.m */ = {isa = PBXFileReference; fileEncoding = 4; lastKnownFileType = sourcecode.c.objc; path = MaximaPlugIn.m; sourceTree = "<group>"; };
		AE46AFA21BA0E161004A2008 /* Test Hough.qtz */ = {isa = PBXFileReference; lastKnownFileType = "video.quartz-composer"; path = "Test Hough.qtz"; sourceTree = "<group>"; };
		AE46AFA31BA0E17A004A2008 /* Sample-1.png */ = {isa = PBXFileReference; lastKnownFileType = image.png; path = "Sample-1.png"; sourceTree = "<group>"; };
		AE5DF9A61BFA776C00342F01 /* ThresholdPlugIn.h */ = {isa = PBXFileReference; fileEncoding = 4; lastKnownFileType = sourcecode.c.h; path = ThresholdPlugIn.h; sourceTree = "<group>"; };
		AE5DF9A71BFA776C00342F01 /* ThresholdPlugIn.m */ = {isa = PBXFileReference; fileEncoding = 4; lastKnownFileType = sourcecode.c.objc; path = ThresholdPlugIn.m; sourceTree = "<group>"; };
		AEAC79941BE81BBB003B012E /* HoughTest.xctest */ = {isa = PBXFileReference; explicitFileType = wrapper.cfbundle; includeInIndex = 0; path = HoughTest.xctest; sourceTree = BUILT_PRODUCTS_DIR; };
		AEAC79961BE81BBB003B012E /* HoughTest.m */ = {isa = PBXFileReference; lastKnownFileType = sourcecode.c.objc; path = HoughTest.m; sourceTree = "<group>"; };
		AEAC79981BE81BBB003B012E /* Info.plist */ = {isa = PBXFileReference; lastKnownFileType = text.plist.xml; path = Info.plist; sourceTree = "<group>"; };
		AEAC79A01BE84211003B012E /* HoughUtility.m */ = {isa = PBXFileReference; fileEncoding = 4; lastKnownFileType = sourcecode.c.objc; path = HoughUtility.m; sourceTree = "<group>"; };
		AEAC79A11BE84211003B012E /* HoughUtility.h */ = {isa = PBXFileReference; fileEncoding = 4; lastKnownFileType = sourcecode.c.h; path = HoughUtility.h; sourceTree = "<group>"; };
		E19628691BA3CD02006598B0 /* Sample-2.png */ = {isa = PBXFileReference; lastKnownFileType = image.png; path = "Sample-2.png"; sourceTree = "<group>"; };
		E1CAC0F41B7FF0E300D4EA94 /* Hough.plugin */ = {isa = PBXFileReference; explicitFileType = wrapper.cfbundle; includeInIndex = 0; path = Hough.plugin; sourceTree = BUILT_PRODUCTS_DIR; };
		E1CAC0F81B7FF0E300D4EA94 /* Info.plist */ = {isa = PBXFileReference; lastKnownFileType = text.plist.xml; path = Info.plist; sourceTree = "<group>"; };
		E1CAC0F91B7FF0E300D4EA94 /* HoughPlugIn.h */ = {isa = PBXFileReference; lastKnownFileType = sourcecode.c.h; path = HoughPlugIn.h; sourceTree = "<group>"; };
		E1CAC0FA1B7FF0E300D4EA94 /* HoughPlugIn.m */ = {isa = PBXFileReference; lastKnownFileType = sourcecode.c.objc; path = HoughPlugIn.m; sourceTree = "<group>"; };
		E1FDB3821BA4BCED00FA61A5 /* Sample-3.png */ = {isa = PBXFileReference; lastKnownFileType = image.png; path = "Sample-3.png"; sourceTree = "<group>"; };
/* End PBXFileReference section */

/* Begin PBXFrameworksBuildPhase section */
		AEAC79911BE81BBB003B012E /* Frameworks */ = {
			isa = PBXFrameworksBuildPhase;
			buildActionMask = 2147483647;
			files = (
			);
			runOnlyForDeploymentPostprocessing = 0;
		};
		E1CAC0F01B7FF0E300D4EA94 /* Frameworks */ = {
			isa = PBXFrameworksBuildPhase;
			buildActionMask = 2147483647;
			files = (
			);
			runOnlyForDeploymentPostprocessing = 0;
		};
/* End PBXFrameworksBuildPhase section */

/* Begin PBXGroup section */
		AE46AFA11BA0E14E004A2008 /* Other Resources */ = {
			isa = PBXGroup;
			children = (
				AE46AFA21BA0E161004A2008 /* Test Hough.qtz */,
				AE46AFA31BA0E17A004A2008 /* Sample-1.png */,
				E19628691BA3CD02006598B0 /* Sample-2.png */,
				E1FDB3821BA4BCED00FA61A5 /* Sample-3.png */,
			);
			name = "Other Resources";
			sourceTree = "<group>";
		};
		AEAC79951BE81BBB003B012E /* HoughTest */ = {
			isa = PBXGroup;
			children = (
				AEAC79961BE81BBB003B012E /* HoughTest.m */,
				AEAC79981BE81BBB003B012E /* Info.plist */,
			);
			path = HoughTest;
			sourceTree = "<group>";
		};
		E1CAC0EA1B7FF0E300D4EA94 = {
			isa = PBXGroup;
			children = (
				E1CAC0F61B7FF0E300D4EA94 /* Hough */,
				AEAC79951BE81BBB003B012E /* HoughTest */,
				AE46AFA11BA0E14E004A2008 /* Other Resources */,
				E1CAC0F51B7FF0E300D4EA94 /* Products */,
			);
			sourceTree = "<group>";
		};
		E1CAC0F51B7FF0E300D4EA94 /* Products */ = {
			isa = PBXGroup;
			children = (
				E1CAC0F41B7FF0E300D4EA94 /* Hough.plugin */,
				AEAC79941BE81BBB003B012E /* HoughTest.xctest */,
			);
			name = Products;
			sourceTree = "<group>";
		};
		E1CAC0F61B7FF0E300D4EA94 /* Hough */ = {
			isa = PBXGroup;
			children = (
				AE5DF9A61BFA776C00342F01 /* ThresholdPlugIn.h */,
				AE5DF9A71BFA776C00342F01 /* ThresholdPlugIn.m */,
				E1CAC0F91B7FF0E300D4EA94 /* HoughPlugIn.h */,
				E1CAC0FA1B7FF0E300D4EA94 /* HoughPlugIn.m */,
				AE2A9BB61C0E56A5004E2C6D /* MaximaPlugIn.h */,
				AE2A9BB71C0E56A5004E2C6D /* MaximaPlugIn.m */,
				AEAC79A11BE84211003B012E /* HoughUtility.h */,
				AEAC79A01BE84211003B012E /* HoughUtility.m */,
				E1CAC0F71B7FF0E300D4EA94 /* Supporting Files */,
			);
			path = Hough;
			sourceTree = "<group>";
		};
		E1CAC0F71B7FF0E300D4EA94 /* Supporting Files */ = {
			isa = PBXGroup;
			children = (
				E1CAC0F81B7FF0E300D4EA94 /* Info.plist */,
			);
			name = "Supporting Files";
			sourceTree = "<group>";
		};
/* End PBXGroup section */

/* Begin PBXNativeTarget section */
		AEAC79931BE81BBB003B012E /* HoughTest */ = {
			isa = PBXNativeTarget;
			buildConfigurationList = AEAC799B1BE81BBB003B012E /* Build configuration list for PBXNativeTarget "HoughTest" */;
			buildPhases = (
				AEAC79901BE81BBB003B012E /* Sources */,
				AEAC79911BE81BBB003B012E /* Frameworks */,
				AEAC799E1BE828F4003B012E /* CopyFiles */,
			);
			buildRules = (
			);
			dependencies = (
				E141AD141BE8797D00F06EB0 /* PBXTargetDependency */,
			);
			name = HoughTest;
			productName = HoughTest;
			productReference = AEAC79941BE81BBB003B012E /* HoughTest.xctest */;
			productType = "com.apple.product-type.bundle.unit-test";
		};
		E1CAC0F31B7FF0E300D4EA94 /* Hough */ = {
			isa = PBXNativeTarget;
			buildConfigurationList = E1CAC0FE1B7FF0E300D4EA94 /* Build configuration list for PBXNativeTarget "Hough" */;
			buildPhases = (
				E1CAC0EF1B7FF0E300D4EA94 /* Sources */,
				E1CAC0F01B7FF0E300D4EA94 /* Frameworks */,
				E1CAC0F11B7FF0E300D4EA94 /* Resources */,
				E1CAC0F21B7FF0E300D4EA94 /* ShellScript */,
			);
			buildRules = (
			);
			dependencies = (
			);
			name = Hough;
			productName = Hough;
			productReference = E1CAC0F41B7FF0E300D4EA94 /* Hough.plugin */;
			productType = "com.apple.product-type.bundle";
		};
/* End PBXNativeTarget section */

/* Begin PBXProject section */
		E1CAC0EB1B7FF0E300D4EA94 /* Project object */ = {
			isa = PBXProject;
			attributes = {
				LastUpgradeCheck = 0710;
				ORGANIZATIONNAME = "Rob Menke";
				TargetAttributes = {
					AEAC79931BE81BBB003B012E = {
						CreatedOnToolsVersion = 7.0.1;
					};
					E1CAC0F31B7FF0E300D4EA94 = {
						CreatedOnToolsVersion = 6.4;
					};
				};
			};
			buildConfigurationList = E1CAC0EE1B7FF0E300D4EA94 /* Build configuration list for PBXProject "Hough" */;
			compatibilityVersion = "Xcode 3.2";
			developmentRegion = English;
			hasScannedForEncodings = 0;
			knownRegions = (
				en,
			);
			mainGroup = E1CAC0EA1B7FF0E300D4EA94;
			productRefGroup = E1CAC0F51B7FF0E300D4EA94 /* Products */;
			projectDirPath = "";
			projectRoot = "";
			targets = (
				E1CAC0F31B7FF0E300D4EA94 /* Hough */,
				AEAC79931BE81BBB003B012E /* HoughTest */,
			);
		};
/* End PBXProject section */

/* Begin PBXResourcesBuildPhase section */
		E1CAC0F11B7FF0E300D4EA94 /* Resources */ = {
			isa = PBXResourcesBuildPhase;
			buildActionMask = 2147483647;
			files = (
			);
			runOnlyForDeploymentPostprocessing = 0;
		};
/* End PBXResourcesBuildPhase section */

/* Begin PBXShellScriptBuildPhase section */
		E1CAC0F21B7FF0E300D4EA94 /* ShellScript */ = {
			isa = PBXShellScriptBuildPhase;
			buildActionMask = 2147483647;
			files = (
			);
			inputPaths = (
			);
			outputPaths = (
			);
			runOnlyForDeploymentPostprocessing = 0;
			shellPath = /bin/sh;
			shellScript = "# This shell script simply copies the built plug-in to \"~/Library/Graphics/Quartz Composer Plug-Ins\" and overrides any previous version at that location\n\nmkdir -p \"$USER_LIBRARY_DIR/Graphics/Quartz Composer Plug-Ins\"\nrm -rf \"$USER_LIBRARY_DIR/Graphics/Quartz Composer Plug-Ins/Hough.plugin\"\ncp -rf \"$BUILT_PRODUCTS_DIR/Hough.plugin\" \"$USER_LIBRARY_DIR/Graphics/Quartz Composer Plug-Ins/\"\n";
			showEnvVarsInLog = 0;
		};
/* End PBXShellScriptBuildPhase section */

/* Begin PBXSourcesBuildPhase section */
		AEAC79901BE81BBB003B012E /* Sources */ = {
			isa = PBXSourcesBuildPhase;
			buildActionMask = 2147483647;
			files = (
				AEAC79A31BE84230003B012E /* HoughUtility.m in Sources */,
				AEAC79971BE81BBB003B012E /* HoughTest.m in Sources */,
			);
			runOnlyForDeploymentPostprocessing = 0;
		};
		E1CAC0EF1B7FF0E300D4EA94 /* Sources */ = {
			isa = PBXSourcesBuildPhase;
			buildActionMask = 2147483647;
			files = (
				AEAC79A21BE84211003B012E /* HoughUtility.m in Sources */,
				AE2A9BB81C0E56A5004E2C6D /* MaximaPlugIn.m in Sources */,
				E1CAC0FB1B7FF0E300D4EA94 /* HoughPlugIn.m in Sources */,
				AE5DF9A81BFA776C00342F01 /* ThresholdPlugIn.m in Sources */,
			);
			runOnlyForDeploymentPostprocessing = 0;
		};
/* End PBXSourcesBuildPhase section */

/* Begin PBXTargetDependency section */
		E141AD141BE8797D00F06EB0 /* PBXTargetDependency */ = {
			isa = PBXTargetDependency;
			target = E1CAC0F31B7FF0E300D4EA94 /* Hough */;
			targetProxy = E141AD131BE8797D00F06EB0 /* PBXContainerItemProxy */;
		};
/* End PBXTargetDependency section */

/* Begin XCBuildConfiguration section */
		AEAC79991BE81BBB003B012E /* Debug */ = {
			isa = XCBuildConfiguration;
			buildSettings = {
				COMBINE_HIDPI_IMAGES = YES;
				INFOPLIST_FILE = HoughTest/Info.plist;
				LD_RUNPATH_SEARCH_PATHS = "$(inherited) @executable_path/../Frameworks @loader_path/../Frameworks";
				PRODUCT_BUNDLE_IDENTIFIER = "com.the-wabe.HoughTest";
				PRODUCT_NAME = "$(TARGET_NAME)";
			};
			name = Debug;
		};
		AEAC799A1BE81BBB003B012E /* Release */ = {
			isa = XCBuildConfiguration;
			buildSettings = {
				COMBINE_HIDPI_IMAGES = YES;
				INFOPLIST_FILE = HoughTest/Info.plist;
				LD_RUNPATH_SEARCH_PATHS = "$(inherited) @executable_path/../Frameworks @loader_path/../Frameworks";
				PRODUCT_BUNDLE_IDENTIFIER = "com.the-wabe.HoughTest";
				PRODUCT_NAME = "$(TARGET_NAME)";
			};
			name = Release;
		};
		E1CAC0FC1B7FF0E300D4EA94 /* Debug */ = {
			isa = XCBuildConfiguration;
			buildSettings = {
				ALWAYS_SEARCH_USER_PATHS = NO;
				CLANG_CXX_LANGUAGE_STANDARD = "gnu++0x";
				CLANG_CXX_LIBRARY = "libc++";
				CLANG_ENABLE_MODULES = YES;
				CLANG_ENABLE_OBJC_ARC = YES;
				CLANG_WARN_BOOL_CONVERSION = YES;
				CLANG_WARN_CONSTANT_CONVERSION = YES;
				CLANG_WARN_DIRECT_OBJC_ISA_USAGE = YES_ERROR;
				CLANG_WARN_EMPTY_BODY = YES;
				CLANG_WARN_ENUM_CONVERSION = YES;
				CLANG_WARN_INT_CONVERSION = YES;
				CLANG_WARN_OBJC_ROOT_CLASS = YES_ERROR;
				CLANG_WARN_UNREACHABLE_CODE = YES;
				CLANG_WARN__DUPLICATE_METHOD_MATCH = YES;
				COPY_PHASE_STRIP = NO;
				DEBUG_INFORMATION_FORMAT = dwarf;
				ENABLE_STRICT_OBJC_MSGSEND = YES;
				ENABLE_TESTABILITY = YES;
				GCC_C_LANGUAGE_STANDARD = gnu99;
				GCC_DYNAMIC_NO_PIC = NO;
				GCC_NO_COMMON_BLOCKS = YES;
				GCC_OPTIMIZATION_LEVEL = 0;
				GCC_PREPROCESSOR_DEFINITIONS = (
					"DEBUG=1",
					"$(inherited)",
				);
				GCC_SYMBOLS_PRIVATE_EXTERN = NO;
				GCC_WARN_64_TO_32_BIT_CONVERSION = YES;
				GCC_WARN_ABOUT_RETURN_TYPE = YES_ERROR;
				GCC_WARN_UNDECLARED_SELECTOR = YES;
				GCC_WARN_UNINITIALIZED_AUTOS = YES_AGGRESSIVE;
				GCC_WARN_UNUSED_FUNCTION = YES;
				GCC_WARN_UNUSED_VARIABLE = YES;
				MACOSX_DEPLOYMENT_TARGET = 10.10;
				MTL_ENABLE_DEBUG_INFO = YES;
				ONLY_ACTIVE_ARCH = YES;
				SDKROOT = macosx;
			};
			name = Debug;
		};
		E1CAC0FD1B7FF0E300D4EA94 /* Release */ = {
			isa = XCBuildConfiguration;
			buildSettings = {
				ALWAYS_SEARCH_USER_PATHS = NO;
				CLANG_CXX_LANGUAGE_STANDARD = "gnu++0x";
				CLANG_CXX_LIBRARY = "libc++";
				CLANG_ENABLE_MODULES = YES;
				CLANG_ENABLE_OBJC_ARC = YES;
				CLANG_WARN_BOOL_CONVERSION = YES;
				CLANG_WARN_CONSTANT_CONVERSION = YES;
				CLANG_WARN_DIRECT_OBJC_ISA_USAGE = YES_ERROR;
				CLANG_WARN_EMPTY_BODY = YES;
				CLANG_WARN_ENUM_CONVERSION = YES;
				CLANG_WARN_INT_CONVERSION = YES;
				CLANG_WARN_OBJC_ROOT_CLASS = YES_ERROR;
				CLANG_WARN_UNREACHABLE_CODE = YES;
				CLANG_WARN__DUPLICATE_METHOD_MATCH = YES;
				COPY_PHASE_STRIP = NO;
				DEBUG_INFORMATION_FORMAT = "dwarf-with-dsym";
				ENABLE_NS_ASSERTIONS = NO;
				ENABLE_STRICT_OBJC_MSGSEND = YES;
				GCC_C_LANGUAGE_STANDARD = gnu99;
				GCC_NO_COMMON_BLOCKS = YES;
				GCC_WARN_64_TO_32_BIT_CONVERSION = YES;
				GCC_WARN_ABOUT_RETURN_TYPE = YES_ERROR;
				GCC_WARN_UNDECLARED_SELECTOR = YES;
				GCC_WARN_UNINITIALIZED_AUTOS = YES_AGGRESSIVE;
				GCC_WARN_UNUSED_FUNCTION = YES;
				GCC_WARN_UNUSED_VARIABLE = YES;
				MACOSX_DEPLOYMENT_TARGET = 10.10;
				MTL_ENABLE_DEBUG_INFO = NO;
				SDKROOT = macosx;
			};
			name = Release;
		};
		E1CAC0FF1B7FF0E300D4EA94 /* Debug */ = {
			isa = XCBuildConfiguration;
			buildSettings = {
				COMBINE_HIDPI_IMAGES = YES;
				INFOPLIST_FILE = Hough/Info.plist;
				INSTALL_PATH = "$(HOME)/Library/Graphics/Quartz Composer Plug-Ins";
				PRODUCT_BUNDLE_IDENTIFIER = "com.the-wabe.$(PRODUCT_NAME:rfc1034identifier)";
				PRODUCT_NAME = "$(TARGET_NAME)";
				WRAPPER_EXTENSION = plugin;
			};
			name = Debug;
		};
		E1CAC1001B7FF0E300D4EA94 /* Release */ = {
			isa = XCBuildConfiguration;
			buildSettings = {
				COMBINE_HIDPI_IMAGES = YES;
				INFOPLIST_FILE = Hough/Info.plist;
				INSTALL_PATH = "$(HOME)/Library/Graphics/Quartz Composer Plug-Ins";
				PRODUCT_BUNDLE_IDENTIFIER = "com.the-wabe.$(PRODUCT_NAME:rfc1034identifier)";
				PRODUCT_NAME = "$(TARGET_NAME)";
				WRAPPER_EXTENSION = plugin;
			};
			name = Release;
		};
/* End XCBuildConfiguration section */

/* Begin XCConfigurationList section */
		AEAC799B1BE81BBB003B012E /* Build configuration list for PBXNativeTarget "HoughTest" */ = {
			isa = XCConfigurationList;
			buildConfigurations = (
				AEAC79991BE81BBB003B012E /* Debug */,
				AEAC799A1BE81BBB003B012E /* Release */,
			);
			defaultConfigurationIsVisible = 0;
			defaultConfigurationName = Release;
		};
		E1CAC0EE1B7FF0E300D4EA94 /* Build configuration list for PBXProject "Hough" */ = {
			isa = XCConfigurationList;
			buildConfigurations = (
				E1CAC0FC1B7FF0E300D4EA94 /* Debug */,
				E1CAC0FD1B7FF0E300D4EA94 /* Release */,
			);
			defaultConfigurationIsVisible = 0;
			defaultConfigurationName = Release;
		};
		E1CAC0FE1B7FF0E300D4EA94 /* Build configuration list for PBXNativeTarget "Hough" */ = {
			isa = XCConfigurationList;
			buildConfigurations = (
				E1CAC0FF1B7FF0E300D4EA94 /* Debug */,
				E1CAC1001B7FF0E300D4EA94 /* Release */,
			);
			defaultConfigurationIsVisible = 0;
			defaultConfigurationName = Release;
		};
/* End XCConfigurationList section */
	};
	rootObject = E1CAC0EB1B7FF0E300D4EA94 /* Project object */;
}
